
Microsoft Visual Studio Solution File, Format Version 12.00
# Visual Studio Version 16
VisualStudioVersion = 16.0.30330.147
MinimumVisualStudioVersion = 10.0.40219.1
Project("{FAE04EC0-301F-11D3-BF4B-00C04F79EFBC}") = "SfDialogError", "SfDialogError\SfDialogError.csproj", "{0C0076AC-D03D-4B6A-86E3-974DCFBC9B2C}"
EndProject
Global
	GlobalSection(SolutionConfigurationPlatforms) = preSolution
		Debug|Any CPU = Debug|Any CPU
		Release|Any CPU = Release|Any CPU
	EndGlobalSection
	GlobalSection(ProjectConfigurationPlatforms) = postSolution
		{0C0076AC-D03D-4B6A-86E3-974DCFBC9B2C}.Debug|Any CPU.ActiveCfg = Debug|Any CPU
		{0C0076AC-D03D-4B6A-86E3-974DCFBC9B2C}.Debug|Any CPU.Build.0 = Debug|Any CPU
		{0C0076AC-D03D-4B6A-86E3-974DCFBC9B2C}.Release|Any CPU.ActiveCfg = Release|Any CPU
		{0C0076AC-D03D-4B6A-86E3-974DCFBC9B2C}.Release|Any CPU.Build.0 = Release|Any CPU
	EndGlobalSection
	GlobalSection(SolutionProperties) = preSolution
		HideSolutionNode = FALSE
	EndGlobalSection
	GlobalSection(ExtensibilityGlobals) = postSolution
		SolutionGuid = {5178790C-4AE0-4AC9-98D8-BF2E6A7A545C}
	EndGlobalSection
EndGlobal
